
Microsoft Visual Studio Solution File, Format Version 12.00
# Visual Studio Version 16
VisualStudioVersion = 16.0.30907.101
MinimumVisualStudioVersion = 10.0.40219.1
Project("{FAE04EC0-301F-11D3-BF4B-00C04F79EFBC}") = "Selenium-Robot-cs", "Selenium-Robot-cs\Selenium-Robot-cs.csproj", "{454ACF8D-8329-4B12-9D28-815DD978F52D}"
EndProject
Global
	GlobalSection(SolutionConfigurationPlatforms) = preSolution
		Debug|Any CPU = Debug|Any CPU
		Release|Any CPU = Release|Any CPU
	EndGlobalSection
	GlobalSection(ProjectConfigurationPlatforms) = postSolution
		{454ACF8D-8329-4B12-9D28-815DD978F52D}.Debug|Any CPU.ActiveCfg = Debug|Any CPU
		{454ACF8D-8329-4B12-9D28-815DD978F52D}.Debug|Any CPU.Build.0 = Debug|Any CPU
		{454ACF8D-8329-4B12-9D28-815DD978F52D}.Release|Any CPU.ActiveCfg = Release|Any CPU
		{454ACF8D-8329-4B12-9D28-815DD978F52D}.Release|Any CPU.Build.0 = Release|Any CPU
	EndGlobalSection
	GlobalSection(SolutionProperties) = preSolution
		HideSolutionNode = FALSE
	EndGlobalSection
	GlobalSection(ExtensibilityGlobals) = postSolution
		SolutionGuid = {384BF4FC-B5D0-4184-9B9C-012B31F17A23}
	EndGlobalSection
EndGlobal
